// !$*UTF8*$!
{
	archiveVersion = 1;
	classes = {
	};
	objectVersion = 46;
	objects = {

/* Begin PBXBuildFile section */
		038B005449064D9C89420E96 /* libPods-ShouldIBikeApp.a in Frameworks */ = {isa = PBXBuildFile; fileRef = 849A499C4BD4407792D5883E /* libPods-ShouldIBikeApp.a */; };
		82C010B019A9DC4500EE239B /* Foundation.framework in Frameworks */ = {isa = PBXBuildFile; fileRef = 82C010AF19A9DC4500EE239B /* Foundation.framework */; };
		82C010B219A9DC4500EE239B /* CoreGraphics.framework in Frameworks */ = {isa = PBXBuildFile; fileRef = 82C010B119A9DC4500EE239B /* CoreGraphics.framework */; };
		82C010B419A9DC4500EE239B /* UIKit.framework in Frameworks */ = {isa = PBXBuildFile; fileRef = 82C010B319A9DC4500EE239B /* UIKit.framework */; };
		82C010BA19A9DC4500EE239B /* InfoPlist.strings in Resources */ = {isa = PBXBuildFile; fileRef = 82C010B819A9DC4500EE239B /* InfoPlist.strings */; };
		82C010BC19A9DC4500EE239B /* main.m in Sources */ = {isa = PBXBuildFile; fileRef = 82C010BB19A9DC4500EE239B /* main.m */; };
		82C010C019A9DC4500EE239B /* AppDelegate.m in Sources */ = {isa = PBXBuildFile; fileRef = 82C010BF19A9DC4500EE239B /* AppDelegate.m */; };
		82C010C319A9DC4500EE239B /* Main.storyboard in Resources */ = {isa = PBXBuildFile; fileRef = 82C010C119A9DC4500EE239B /* Main.storyboard */; };
		82C010C619A9DC4500EE239B /* ViewController.m in Sources */ = {isa = PBXBuildFile; fileRef = 82C010C519A9DC4500EE239B /* ViewController.m */; };
		82C010C819A9DC4500EE239B /* Images.xcassets in Resources */ = {isa = PBXBuildFile; fileRef = 82C010C719A9DC4500EE239B /* Images.xcassets */; };
		82C010CF19A9DC4500EE239B /* XCTest.framework in Frameworks */ = {isa = PBXBuildFile; fileRef = 82C010CE19A9DC4500EE239B /* XCTest.framework */; };
		82C010D019A9DC4500EE239B /* Foundation.framework in Frameworks */ = {isa = PBXBuildFile; fileRef = 82C010AF19A9DC4500EE239B /* Foundation.framework */; };
		82C010D119A9DC4500EE239B /* UIKit.framework in Frameworks */ = {isa = PBXBuildFile; fileRef = 82C010B319A9DC4500EE239B /* UIKit.framework */; };
/* End PBXBuildFile section */

/* Begin PBXContainerItemProxy section */
		82C010D219A9DC4500EE239B /* PBXContainerItemProxy */ = {
			isa = PBXContainerItemProxy;
			containerPortal = 82C010A419A9DC4500EE239B /* Project object */;
			proxyType = 1;
			remoteGlobalIDString = 82C010AB19A9DC4500EE239B;
			remoteInfo = ShouldIBikeApp;
		};
/* End PBXContainerItemProxy section */

/* Begin PBXFileReference section */
		82C010AC19A9DC4500EE239B /* ShouldIBikeApp.app */ = {isa = PBXFileReference; explicitFileType = wrapper.application; includeInIndex = 0; path = ShouldIBikeApp.app; sourceTree = BUILT_PRODUCTS_DIR; };
		82C010AF19A9DC4500EE239B /* Foundation.framework */ = {isa = PBXFileReference; lastKnownFileType = wrapper.framework; name = Foundation.framework; path = System/Library/Frameworks/Foundation.framework; sourceTree = SDKROOT; };
		82C010B119A9DC4500EE239B /* CoreGraphics.framework */ = {isa = PBXFileReference; lastKnownFileType = wrapper.framework; name = CoreGraphics.framework; path = System/Library/Frameworks/CoreGraphics.framework; sourceTree = SDKROOT; };
		82C010B319A9DC4500EE239B /* UIKit.framework */ = {isa = PBXFileReference; lastKnownFileType = wrapper.framework; name = UIKit.framework; path = System/Library/Frameworks/UIKit.framework; sourceTree = SDKROOT; };
		82C010B719A9DC4500EE239B /* ShouldIBikeApp-Info.plist */ = {isa = PBXFileReference; lastKnownFileType = text.plist.xml; path = "ShouldIBikeApp-Info.plist"; sourceTree = "<group>"; };
		82C010B919A9DC4500EE239B /* en */ = {isa = PBXFileReference; lastKnownFileType = text.plist.strings; name = en; path = en.lproj/InfoPlist.strings; sourceTree = "<group>"; };
		82C010BB19A9DC4500EE239B /* main.m */ = {isa = PBXFileReference; lastKnownFileType = sourcecode.c.objc; path = main.m; sourceTree = "<group>"; };
		82C010BD19A9DC4500EE239B /* ShouldIBikeApp-Prefix.pch */ = {isa = PBXFileReference; lastKnownFileType = sourcecode.c.h; path = "ShouldIBikeApp-Prefix.pch"; sourceTree = "<group>"; };
		82C010BE19A9DC4500EE239B /* AppDelegate.h */ = {isa = PBXFileReference; lastKnownFileType = sourcecode.c.h; path = AppDelegate.h; sourceTree = "<group>"; };
		82C010BF19A9DC4500EE239B /* AppDelegate.m */ = {isa = PBXFileReference; lastKnownFileType = sourcecode.c.objc; path = AppDelegate.m; sourceTree = "<group>"; };
		82C010C219A9DC4500EE239B /* Base */ = {isa = PBXFileReference; lastKnownFileType = file.storyboard; name = Base; path = Base.lproj/Main.storyboard; sourceTree = "<group>"; };
		82C010C419A9DC4500EE239B /* ViewController.h */ = {isa = PBXFileReference; lastKnownFileType = sourcecode.c.h; name = ViewController.h; path = ShouldIBikeApp/ViewController.h; sourceTree = "<group>"; };
		82C010C519A9DC4500EE239B /* ViewController.m */ = {isa = PBXFileReference; lastKnownFileType = sourcecode.c.objc; name = ViewController.m; path = ShouldIBikeApp/ViewController.m; sourceTree = "<group>"; };
		82C010C719A9DC4500EE239B /* Images.xcassets */ = {isa = PBXFileReference; lastKnownFileType = folder.assetcatalog; name = Images.xcassets; path = ShouldIBikeApp/Images.xcassets; sourceTree = "<group>"; };
		82C010CD19A9DC4500EE239B /* ShouldIBikeAppTests.xctest */ = {isa = PBXFileReference; explicitFileType = wrapper.cfbundle; includeInIndex = 0; path = ShouldIBikeAppTests.xctest; sourceTree = BUILT_PRODUCTS_DIR; };
		82C010CE19A9DC4500EE239B /* XCTest.framework */ = {isa = PBXFileReference; lastKnownFileType = wrapper.framework; name = XCTest.framework; path = Library/Frameworks/XCTest.framework; sourceTree = DEVELOPER_DIR; };
		849A499C4BD4407792D5883E /* libPods-ShouldIBikeApp.a */ = {isa = PBXFileReference; explicitFileType = archive.ar; includeInIndex = 0; path = "libPods-ShouldIBikeApp.a"; sourceTree = BUILT_PRODUCTS_DIR; };
		C17682E415AE456DB2218375 /* Pods-ShouldIBikeApp.xcconfig */ = {isa = PBXFileReference; includeInIndex = 1; lastKnownFileType = text.xcconfig; name = "Pods-ShouldIBikeApp.xcconfig"; path = "Pods/Pods-ShouldIBikeApp.xcconfig"; sourceTree = "<group>"; };
/* End PBXFileReference section */

/* Begin PBXFrameworksBuildPhase section */
		82C010A919A9DC4500EE239B /* Frameworks */ = {
			isa = PBXFrameworksBuildPhase;
			buildActionMask = 2147483647;
			files = (
				82C010B219A9DC4500EE239B /* CoreGraphics.framework in Frameworks */,
				82C010B419A9DC4500EE239B /* UIKit.framework in Frameworks */,
				82C010B019A9DC4500EE239B /* Foundation.framework in Frameworks */,
				038B005449064D9C89420E96 /* libPods-ShouldIBikeApp.a in Frameworks */,
			);
			runOnlyForDeploymentPostprocessing = 0;
		};
		82C010CA19A9DC4500EE239B /* Frameworks */ = {
			isa = PBXFrameworksBuildPhase;
			buildActionMask = 2147483647;
			files = (
				82C010CF19A9DC4500EE239B /* XCTest.framework in Frameworks */,
				82C010D119A9DC4500EE239B /* UIKit.framework in Frameworks */,
				82C010D019A9DC4500EE239B /* Foundation.framework in Frameworks */,
			);
			runOnlyForDeploymentPostprocessing = 0;
		};
/* End PBXFrameworksBuildPhase section */

/* Begin PBXGroup section */
		82A04BBD19A9FD1900C813B0 /* Models */ = {
			isa = PBXGroup;
			children = (
			);
			name = Models;
			path = ..;
			sourceTree = "<group>";
		};
		82A04BBE19A9FD1F00C813B0 /* Views */ = {
			isa = PBXGroup;
			children = (
				82C010C119A9DC4500EE239B /* Main.storyboard */,
			);
			name = Views;
			path = ..;
			sourceTree = "<group>";
		};
		82A04BBF19A9FD2400C813B0 /* Controllers */ = {
			isa = PBXGroup;
			children = (
				82C010C419A9DC4500EE239B /* ViewController.h */,
				82C010C519A9DC4500EE239B /* ViewController.m */,
			);
			name = Controllers;
			path = ..;
			sourceTree = "<group>";
		};
		82A04BC019A9FD9B00C813B0 /* Resources */ = {
			isa = PBXGroup;
			children = (
				82C010C719A9DC4500EE239B /* Images.xcassets */,
			);
			name = Resources;
			path = ..;
			sourceTree = "<group>";
		};
		82C010A319A9DC4500EE239B = {
			isa = PBXGroup;
			children = (
				82C010B519A9DC4500EE239B /* ShouldIBikeApp */,
				82C010AE19A9DC4500EE239B /* Frameworks */,
				82C010AD19A9DC4500EE239B /* Products */,
				C17682E415AE456DB2218375 /* Pods-ShouldIBikeApp.xcconfig */,
			);
			sourceTree = "<group>";
		};
		82C010AD19A9DC4500EE239B /* Products */ = {
			isa = PBXGroup;
			children = (
				82C010AC19A9DC4500EE239B /* ShouldIBikeApp.app */,
				82C010CD19A9DC4500EE239B /* ShouldIBikeAppTests.xctest */,
			);
			name = Products;
			sourceTree = "<group>";
		};
		82C010AE19A9DC4500EE239B /* Frameworks */ = {
			isa = PBXGroup;
			children = (
				82C010AF19A9DC4500EE239B /* Foundation.framework */,
				82C010B119A9DC4500EE239B /* CoreGraphics.framework */,
				82C010B319A9DC4500EE239B /* UIKit.framework */,
				82C010CE19A9DC4500EE239B /* XCTest.framework */,
				849A499C4BD4407792D5883E /* libPods-ShouldIBikeApp.a */,
			);
			name = Frameworks;
			sourceTree = "<group>";
		};
		82C010B519A9DC4500EE239B /* ShouldIBikeApp */ = {
			isa = PBXGroup;
			children = (
				82A04BBD19A9FD1900C813B0 /* Models */,
				82A04BBE19A9FD1F00C813B0 /* Views */,
				82A04BBF19A9FD2400C813B0 /* Controllers */,
				82A04BC019A9FD9B00C813B0 /* Resources */,
				82C010B619A9DC4500EE239B /* Supporting Files */,
			);
			path = ShouldIBikeApp;
			sourceTree = "<group>";
		};
		82C010B619A9DC4500EE239B /* Supporting Files */ = {
			isa = PBXGroup;
			children = (
				82C010BE19A9DC4500EE239B /* AppDelegate.h */,
				82C010BF19A9DC4500EE239B /* AppDelegate.m */,
				82C010B719A9DC4500EE239B /* ShouldIBikeApp-Info.plist */,
				82C010B819A9DC4500EE239B /* InfoPlist.strings */,
				82C010BB19A9DC4500EE239B /* main.m */,
				82C010BD19A9DC4500EE239B /* ShouldIBikeApp-Prefix.pch */,
			);
			name = "Supporting Files";
			sourceTree = "<group>";
		};
/* End PBXGroup section */

/* Begin PBXNativeTarget section */
		82C010AB19A9DC4500EE239B /* ShouldIBikeApp */ = {
			isa = PBXNativeTarget;
			buildConfigurationList = 82C010DE19A9DC4500EE239B /* Build configuration list for PBXNativeTarget "ShouldIBikeApp" */;
			buildPhases = (
				E2A041C590B4468694142FF7 /* Check Pods Manifest.lock */,
				82C010A819A9DC4500EE239B /* Sources */,
				82C010A919A9DC4500EE239B /* Frameworks */,
				82C010AA19A9DC4500EE239B /* Resources */,
				30FB9204AD9C4F768A1AFAC5 /* Copy Pods Resources */,
			);
			buildRules = (
			);
			dependencies = (
			);
			name = ShouldIBikeApp;
			productName = ShouldIBikeApp;
			productReference = 82C010AC19A9DC4500EE239B /* ShouldIBikeApp.app */;
			productType = "com.apple.product-type.application";
		};
		82C010CC19A9DC4500EE239B /* ShouldIBikeAppTests */ = {
			isa = PBXNativeTarget;
			buildConfigurationList = 82C010E119A9DC4500EE239B /* Build configuration list for PBXNativeTarget "ShouldIBikeAppTests" */;
			buildPhases = (
				82C010C919A9DC4500EE239B /* Sources */,
				82C010CA19A9DC4500EE239B /* Frameworks */,
				82C010CB19A9DC4500EE239B /* Resources */,
			);
			buildRules = (
			);
			dependencies = (
				82C010D319A9DC4500EE239B /* PBXTargetDependency */,
			);
			name = ShouldIBikeAppTests;
			productName = ShouldIBikeAppTests;
			productReference = 82C010CD19A9DC4500EE239B /* ShouldIBikeAppTests.xctest */;
			productType = "com.apple.product-type.bundle.unit-test";
		};
/* End PBXNativeTarget section */

/* Begin PBXProject section */
		82C010A419A9DC4500EE239B /* Project object */ = {
			isa = PBXProject;
			attributes = {
				LastUpgradeCheck = 0510;
				ORGANIZATIONNAME = "Ken Lauguico";
				TargetAttributes = {
					82C010CC19A9DC4500EE239B = {
						TestTargetID = 82C010AB19A9DC4500EE239B;
					};
				};
			};
			buildConfigurationList = 82C010A719A9DC4500EE239B /* Build configuration list for PBXProject "ShouldIBikeApp" */;
			compatibilityVersion = "Xcode 3.2";
			developmentRegion = English;
			hasScannedForEncodings = 0;
			knownRegions = (
				en,
				Base,
			);
			mainGroup = 82C010A319A9DC4500EE239B;
			productRefGroup = 82C010AD19A9DC4500EE239B /* Products */;
			projectDirPath = "";
			projectRoot = "";
			targets = (
				82C010AB19A9DC4500EE239B /* ShouldIBikeApp */,
				82C010CC19A9DC4500EE239B /* ShouldIBikeAppTests */,
			);
		};
/* End PBXProject section */

/* Begin PBXResourcesBuildPhase section */
		82C010AA19A9DC4500EE239B /* Resources */ = {
			isa = PBXResourcesBuildPhase;
			buildActionMask = 2147483647;
			files = (
				82C010C819A9DC4500EE239B /* Images.xcassets in Resources */,
				82C010BA19A9DC4500EE239B /* InfoPlist.strings in Resources */,
				82C010C319A9DC4500EE239B /* Main.storyboard in Resources */,
			);
			runOnlyForDeploymentPostprocessing = 0;
		};
		82C010CB19A9DC4500EE239B /* Resources */ = {
			isa = PBXResourcesBuildPhase;
			buildActionMask = 2147483647;
			files = (
			);
			runOnlyForDeploymentPostprocessing = 0;
		};
/* End PBXResourcesBuildPhase section */

/* Begin PBXShellScriptBuildPhase section */
		30FB9204AD9C4F768A1AFAC5 /* Copy Pods Resources */ = {
			isa = PBXShellScriptBuildPhase;
			buildActionMask = 2147483647;
			files = (
			);
			inputPaths = (
			);
			name = "Copy Pods Resources";
			outputPaths = (
			);
			runOnlyForDeploymentPostprocessing = 0;
			shellPath = /bin/sh;
			shellScript = "\"${SRCROOT}/Pods/Pods-ShouldIBikeApp-resources.sh\"\n";
			showEnvVarsInLog = 0;
		};
		E2A041C590B4468694142FF7 /* Check Pods Manifest.lock */ = {
			isa = PBXShellScriptBuildPhase;
			buildActionMask = 2147483647;
			files = (
			);
			inputPaths = (
			);
			name = "Check Pods Manifest.lock";
			outputPaths = (
			);
			runOnlyForDeploymentPostprocessing = 0;
			shellPath = /bin/sh;
			shellScript = "diff \"${PODS_ROOT}/../Podfile.lock\" \"${PODS_ROOT}/Manifest.lock\" > /dev/null\nif [[ $? != 0 ]] ; then\n    cat << EOM\nerror: The sandbox is not in sync with the Podfile.lock. Run 'pod install' or update your CocoaPods installation.\nEOM\n    exit 1\nfi\n";
			showEnvVarsInLog = 0;
		};
/* End PBXShellScriptBuildPhase section */

/* Begin PBXSourcesBuildPhase section */
		82C010A819A9DC4500EE239B /* Sources */ = {
			isa = PBXSourcesBuildPhase;
			buildActionMask = 2147483647;
			files = (
				82C010C619A9DC4500EE239B /* ViewController.m in Sources */,
				82C010C019A9DC4500EE239B /* AppDelegate.m in Sources */,
				82C010BC19A9DC4500EE239B /* main.m in Sources */,
			);
			runOnlyForDeploymentPostprocessing = 0;
		};
		82C010C919A9DC4500EE239B /* Sources */ = {
			isa = PBXSourcesBuildPhase;
			buildActionMask = 2147483647;
			files = (
			);
			runOnlyForDeploymentPostprocessing = 0;
		};
/* End PBXSourcesBuildPhase section */

/* Begin PBXTargetDependency section */
		82C010D319A9DC4500EE239B /* PBXTargetDependency */ = {
			isa = PBXTargetDependency;
			target = 82C010AB19A9DC4500EE239B /* ShouldIBikeApp */;
			targetProxy = 82C010D219A9DC4500EE239B /* PBXContainerItemProxy */;
		};
/* End PBXTargetDependency section */

/* Begin PBXVariantGroup section */
		82C010B819A9DC4500EE239B /* InfoPlist.strings */ = {
			isa = PBXVariantGroup;
			children = (
				82C010B919A9DC4500EE239B /* en */,
			);
			name = InfoPlist.strings;
			sourceTree = "<group>";
		};
		82C010C119A9DC4500EE239B /* Main.storyboard */ = {
			isa = PBXVariantGroup;
			children = (
				82C010C219A9DC4500EE239B /* Base */,
			);
			name = Main.storyboard;
			path = ShouldIBikeApp;
			sourceTree = "<group>";
		};
/* End PBXVariantGroup section */

/* Begin XCBuildConfiguration section */
		82C010DC19A9DC4500EE239B /* Debug */ = {
			isa = XCBuildConfiguration;
			buildSettings = {
				ALWAYS_SEARCH_USER_PATHS = NO;
				CLANG_CXX_LANGUAGE_STANDARD = "gnu++0x";
				CLANG_CXX_LIBRARY = "libc++";
				CLANG_ENABLE_MODULES = YES;
				CLANG_ENABLE_OBJC_ARC = YES;
				CLANG_WARN_BOOL_CONVERSION = YES;
				CLANG_WARN_CONSTANT_CONVERSION = YES;
				CLANG_WARN_DIRECT_OBJC_ISA_USAGE = YES_ERROR;
				CLANG_WARN_EMPTY_BODY = YES;
				CLANG_WARN_ENUM_CONVERSION = YES;
				CLANG_WARN_INT_CONVERSION = YES;
				CLANG_WARN_OBJC_ROOT_CLASS = YES_ERROR;
				CLANG_WARN__DUPLICATE_METHOD_MATCH = YES;
				"CODE_SIGN_IDENTITY[sdk=iphoneos*]" = "iPhone Developer";
				COPY_PHASE_STRIP = NO;
				GCC_C_LANGUAGE_STANDARD = gnu99;
				GCC_DYNAMIC_NO_PIC = NO;
				GCC_OPTIMIZATION_LEVEL = 0;
				GCC_PREPROCESSOR_DEFINITIONS = (
					"DEBUG=1",
					"$(inherited)",
				);
				GCC_SYMBOLS_PRIVATE_EXTERN = NO;
				GCC_WARN_64_TO_32_BIT_CONVERSION = YES;
				GCC_WARN_ABOUT_RETURN_TYPE = YES_ERROR;
				GCC_WARN_UNDECLARED_SELECTOR = YES;
				GCC_WARN_UNINITIALIZED_AUTOS = YES_AGGRESSIVE;
				GCC_WARN_UNUSED_FUNCTION = YES;
				GCC_WARN_UNUSED_VARIABLE = YES;
				IPHONEOS_DEPLOYMENT_TARGET = 7.1;
				ONLY_ACTIVE_ARCH = YES;
				SDKROOT = iphoneos;
			};
			name = Debug;
		};
		82C010DD19A9DC4500EE239B /* Release */ = {
			isa = XCBuildConfiguration;
			buildSettings = {
				ALWAYS_SEARCH_USER_PATHS = NO;
				CLANG_CXX_LANGUAGE_STANDARD = "gnu++0x";
				CLANG_CXX_LIBRARY = "libc++";
				CLANG_ENABLE_MODULES = YES;
				CLANG_ENABLE_OBJC_ARC = YES;
				CLANG_WARN_BOOL_CONVERSION = YES;
				CLANG_WARN_CONSTANT_CONVERSION = YES;
				CLANG_WARN_DIRECT_OBJC_ISA_USAGE = YES_ERROR;
				CLANG_WARN_EMPTY_BODY = YES;
				CLANG_WARN_ENUM_CONVERSION = YES;
				CLANG_WARN_INT_CONVERSION = YES;
				CLANG_WARN_OBJC_ROOT_CLASS = YES_ERROR;
				CLANG_WARN__DUPLICATE_METHOD_MATCH = YES;
				"CODE_SIGN_IDENTITY[sdk=iphoneos*]" = "iPhone Developer";
				COPY_PHASE_STRIP = YES;
				ENABLE_NS_ASSERTIONS = NO;
				GCC_C_LANGUAGE_STANDARD = gnu99;
				GCC_WARN_64_TO_32_BIT_CONVERSION = YES;
				GCC_WARN_ABOUT_RETURN_TYPE = YES_ERROR;
				GCC_WARN_UNDECLARED_SELECTOR = YES;
				GCC_WARN_UNINITIALIZED_AUTOS = YES_AGGRESSIVE;
				GCC_WARN_UNUSED_FUNCTION = YES;
				GCC_WARN_UNUSED_VARIABLE = YES;
				IPHONEOS_DEPLOYMENT_TARGET = 7.1;
				SDKROOT = iphoneos;
				VALIDATE_PRODUCT = YES;
			};
			name = Release;
		};
		82C010DF19A9DC4500EE239B /* Debug */ = {
			isa = XCBuildConfiguration;
			baseConfigurationReference = C17682E415AE456DB2218375 /* Pods-ShouldIBikeApp.xcconfig */;
			buildSettings = {
				ASSETCATALOG_COMPILER_APPICON_NAME = AppIcon;
				ASSETCATALOG_COMPILER_LAUNCHIMAGE_NAME = LaunchImage;
				GCC_PRECOMPILE_PREFIX_HEADER = YES;
				GCC_PREFIX_HEADER = "ShouldIBikeApp/ShouldIBikeApp-Prefix.pch";
				INFOPLIST_FILE = "ShouldIBikeApp/ShouldIBikeApp-Info.plist";
				IPHONEOS_DEPLOYMENT_TARGET = 8.0;
				PRODUCT_NAME = "$(TARGET_NAME)";
				WRAPPER_EXTENSION = app;
			};
			name = Debug;
		};
		82C010E019A9DC4500EE239B /* Release */ = {
			isa = XCBuildConfiguration;
			baseConfigurationReference = C17682E415AE456DB2218375 /* Pods-ShouldIBikeApp.xcconfig */;
			buildSettings = {
				ASSETCATALOG_COMPILER_APPICON_NAME = AppIcon;
				ASSETCATALOG_COMPILER_LAUNCHIMAGE_NAME = LaunchImage;
				GCC_PRECOMPILE_PREFIX_HEADER = YES;
				GCC_PREFIX_HEADER = "ShouldIBikeApp/ShouldIBikeApp-Prefix.pch";
				INFOPLIST_FILE = "ShouldIBikeApp/ShouldIBikeApp-Info.plist";
				IPHONEOS_DEPLOYMENT_TARGET = 8.0;
				PRODUCT_NAME = "$(TARGET_NAME)";
				WRAPPER_EXTENSION = app;
			};
			name = Release;
		};
		82C010E219A9DC4500EE239B /* Debug */ = {
			isa = XCBuildConfiguration;
			buildSettings = {
				BUNDLE_LOADER = "$(BUILT_PRODUCTS_DIR)/ShouldIBikeApp.app/ShouldIBikeApp";
				FRAMEWORK_SEARCH_PATHS = (
					"$(SDKROOT)/Developer/Library/Frameworks",
					"$(inherited)",
					"$(DEVELOPER_FRAMEWORKS_DIR)",
				);
				GCC_PRECOMPILE_PREFIX_HEADER = YES;
				GCC_PREFIX_HEADER = "ShouldIBikeApp/ShouldIBikeApp-Prefix.pch";
				GCC_PREPROCESSOR_DEFINITIONS = (
					"DEBUG=1",
					"$(inherited)",
				);
				INFOPLIST_FILE = "ShouldIBikeAppTests/ShouldIBikeAppTests-Info.plist";
				PRODUCT_NAME = "$(TARGET_NAME)";
				TEST_HOST = "$(BUNDLE_LOADER)";
				WRAPPER_EXTENSION = xctest;
			};
			name = Debug;
		};
		82C010E319A9DC4500EE239B /* Release */ = {
			isa = XCBuildConfiguration;
			buildSettings = {
				BUNDLE_LOADER = "$(BUILT_PRODUCTS_DIR)/ShouldIBikeApp.app/ShouldIBikeApp";
				FRAMEWORK_SEARCH_PATHS = (
					"$(SDKROOT)/Developer/Library/Frameworks",
					"$(inherited)",
					"$(DEVELOPER_FRAMEWORKS_DIR)",
				);
				GCC_PRECOMPILE_PREFIX_HEADER = YES;
				GCC_PREFIX_HEADER = "ShouldIBikeApp/ShouldIBikeApp-Prefix.pch";
				INFOPLIST_FILE = "ShouldIBikeAppTests/ShouldIBikeAppTests-Info.plist";
				PRODUCT_NAME = "$(TARGET_NAME)";
				TEST_HOST = "$(BUNDLE_LOADER)";
				WRAPPER_EXTENSION = xctest;
			};
			name = Release;
		};
/* End XCBuildConfiguration section */

/* Begin XCConfigurationList section */
		82C010A719A9DC4500EE239B /* Build configuration list for PBXProject "ShouldIBikeApp" */ = {
			isa = XCConfigurationList;
			buildConfigurations = (
				82C010DC19A9DC4500EE239B /* Debug */,
				82C010DD19A9DC4500EE239B /* Release */,
			);
			defaultConfigurationIsVisible = 0;
			defaultConfigurationName = Release;
		};
		82C010DE19A9DC4500EE239B /* Build configuration list for PBXNativeTarget "ShouldIBikeApp" */ = {
			isa = XCConfigurationList;
			buildConfigurations = (
				82C010DF19A9DC4500EE239B /* Debug */,
				82C010E019A9DC4500EE239B /* Release */,
			);
			defaultConfigurationIsVisible = 0;
			defaultConfigurationName = Release;
		};
		82C010E119A9DC4500EE239B /* Build configuration list for PBXNativeTarget "ShouldIBikeAppTests" */ = {
			isa = XCConfigurationList;
			buildConfigurations = (
				82C010E219A9DC4500EE239B /* Debug */,
				82C010E319A9DC4500EE239B /* Release */,
			);
			defaultConfigurationIsVisible = 0;
			defaultConfigurationName = Release;
		};
/* End XCConfigurationList section */
	};
	rootObject = 82C010A419A9DC4500EE239B /* Project object */;
}
